
Microsoft Visual Studio Solution File, Format Version 12.00
# Visual Studio Version 17
VisualStudioVersion = 17.14.36327.8
MinimumVisualStudioVersion = 10.0.40219.1
Project("{FAE04EC0-301F-11D3-BF4B-00C04F79EFBC}") = "WebApiCommercial", "WebApiCommercial\WebApiCommercial.csproj", "{2AEBB70D-BAA9-485D-B7DE-6F5835D01EE7}"
EndProject
Project("{FAE04EC0-301F-11D3-BF4B-00C04F79EFBC}") = "Model", "Model\Model.csproj", "{17456F36-E387-45F6-81D6-8FD996B3F141}"
EndProject
Project("{FAE04EC0-301F-11D3-BF4B-00C04F79EFBC}") = "Service", "Service\Service.csproj", "{91EEFFFF-4C65-40E4-896C-AAA841C204EE}"
EndProject
Project("{FAE04EC0-301F-11D3-BF4B-00C04F79EFBC}") = "Repository", "Repository\Repository.csproj", "{D06EBED4-35B6-4122-A048-88D2BB218BE4}"
EndProject
Project("{2150E333-8FDC-42A3-9474-1A3956D46DE8}") = "Itens de Solução", "Itens de Solução", "{380A7511-A354-6D7A-0CC0-8FA1F1BA7B6C}"
	ProjectSection(SolutionItems) = preProject
		FluxoNovaPermissao.txt = FluxoNovaPermissao.txt
		MigrationEF.txt = MigrationEF.txt
	EndProjectSection
EndProject
Project("{2150E333-8FDC-42A3-9474-1A3956D46DE8}") = "NFe", "NFe", "{02EA681E-C7D8-13C7-8484-4AC65E1B71E8}"
EndProject
Project("{FAE04EC0-301F-11D3-BF4B-00C04F79EFBC}") = "NFe.AppTeste", "..\..\Downloads\ZeusFiscal-master\ZeusFiscal-master\NFe.AppTeste\NFe.AppTeste.csproj", "{BB030128-9609-46D5-941C-1F53D95157E2}"
EndProject
Project("{FAE04EC0-301F-11D3-BF4B-00C04F79EFBC}") = "NFe.AppTeste.NetCore", "..\..\Downloads\ZeusFiscal-master\ZeusFiscal-master\NFe.AppTeste.NetCore\NFe.AppTeste.NetCore.csproj", "{B78024E8-180E-7597-1A24-DDDED1BD2D37}"
EndProject
Project("{2150E333-8FDC-42A3-9474-1A3956D46DE8}") = "AppTeste", "AppTeste", "{C59AAF77-4BB1-4437-BF0A-95DB50D71BC4}"
EndProject
Project("{2150E333-8FDC-42A3-9474-1A3956D46DE8}") = "Danfe", "Danfe", "{934B08DF-49E7-4089-9A6A-3AA36259C806}"
EndProject
Project("{2150E333-8FDC-42A3-9474-1A3956D46DE8}") = "AppTest", "AppTest", "{E8F00132-B52A-438B-B940-B6D676C8EDB9}"
EndProject
Project("{FAE04EC0-301F-11D3-BF4B-00C04F79EFBC}") = "NFe.Danfe.AppTeste.Fast", "..\..\Downloads\ZeusFiscal-master\ZeusFiscal-master\NFe.Danfe.AppTeste.Fast\NFe.Danfe.AppTeste.Fast.csproj", "{DEFCCB64-84E6-45B1-984C-9CAF0BA8CC23}"
EndProject
Project("{FAE04EC0-301F-11D3-BF4B-00C04F79EFBC}") = "NFe.Danfe.App.Teste.Html", "..\..\Downloads\ZeusFiscal-master\ZeusFiscal-master\NFe.Danfe.App.Teste.Html\NFe.Danfe.App.Teste.Html.csproj", "{98EC7AFC-23C9-913F-FE4D-B898DC383F49}"
EndProject
Project("{FAE04EC0-301F-11D3-BF4B-00C04F79EFBC}") = "NFe.Danfe.AppTeste.OpenFast", "..\..\Downloads\ZeusFiscal-master\ZeusFiscal-master\NFe.Danfe.AppTeste.OpenFast\NFe.Danfe.AppTeste.OpenFast.csproj", "{999C4326-B44C-DA8B-AB8B-0DF895EA92E4}"
EndProject
Project("{FAE04EC0-301F-11D3-BF4B-00C04F79EFBC}") = "NFe.Danfe.Base", "..\..\Downloads\ZeusFiscal-master\ZeusFiscal-master\NFe.Danfe.Base\NFe.Danfe.Base.csproj", "{1CA54750-7FD2-A341-682D-1FD74D79C5A0}"
EndProject
Project("{FAE04EC0-301F-11D3-BF4B-00C04F79EFBC}") = "NFe.Danfe.Fast", "..\..\Downloads\ZeusFiscal-master\ZeusFiscal-master\NFe.Danfe.Fast\NFe.Danfe.Fast.csproj", "{352B64BB-BCB6-DF60-8F5F-000BF6463F64}"
EndProject
Project("{FAE04EC0-301F-11D3-BF4B-00C04F79EFBC}") = "NFe.Danfe.Fast.Skia", "..\..\Downloads\ZeusFiscal-master\ZeusFiscal-master\NFe.Danfe.Fast.Skia\NFe.Danfe.Fast.Skia.csproj", "{27E91D3A-2298-97E2-2A38-CD205D0C671E}"
EndProject
Project("{FAE04EC0-301F-11D3-BF4B-00C04F79EFBC}") = "NFe.Danfe.Nativo", "..\..\Downloads\ZeusFiscal-master\ZeusFiscal-master\NFe.Danfe.Nativo\NFe.Danfe.Nativo.csproj", "{92573840-AA53-2CE8-CBD9-59343A3C5619}"
EndProject
Project("{FAE04EC0-301F-11D3-BF4B-00C04F79EFBC}") = "NFe.Danfe.QuestPdf", "..\..\Downloads\ZeusFiscal-master\ZeusFiscal-master\NFe.Danfe.QuestPdf\NFe.Danfe.QuestPdf.csproj", "{8EEFE395-DFF9-69FB-2447-CEB7F6C3C4B2}"
EndProject
Project("{FAE04EC0-301F-11D3-BF4B-00C04F79EFBC}") = "NFe.Danfe.Html", "..\..\Downloads\ZeusFiscal-master\ZeusFiscal-master\NFe.Danfe.Html\NFe.Danfe.Html.csproj", "{FF36F6E7-30CA-A3B7-A0BC-9D91EBE87BAF}"
EndProject
Project("{FAE04EC0-301F-11D3-BF4B-00C04F79EFBC}") = "NFe.Danfe.OpenFast", "..\..\Downloads\ZeusFiscal-master\ZeusFiscal-master\NFe.Danfe.OpenFast\NFe.Danfe.OpenFast.csproj", "{77DA19F9-0AF2-1721-DC3B-8A2823440320}"
EndProject
Project("{FAE04EC0-301F-11D3-BF4B-00C04F79EFBC}") = "NFe.Danfe.PdfClown", "..\..\Downloads\ZeusFiscal-master\ZeusFiscal-master\NFe.Danfe.PdfClown\NFe.Danfe.PdfClown.csproj", "{E30969FB-5A84-4CC1-26BE-EECF36A5E1EB}"
EndProject
Project("{D954291E-2A0B-460D-934E-DC6B0785DB48}") = "Shared.NFe.Danfe", "..\..\Downloads\ZeusFiscal-master\ZeusFiscal-master\Shared.NFe.Danfe\Shared.NFe.Danfe.shproj", "{5794AB8A-FF29-4F55-ABC2-9AAFE333BD27}"
EndProject
Project("{FAE04EC0-301F-11D3-BF4B-00C04F79EFBC}") = "NFe.Classes", "..\..\Downloads\ZeusFiscal-master\ZeusFiscal-master\NFe.Classes\NFe.Classes.csproj", "{6D963524-03EA-9A2F-6BD1-87A417FB0103}"
EndProject
Project("{FAE04EC0-301F-11D3-BF4B-00C04F79EFBC}") = "NFe.Integracao", "..\..\Downloads\ZeusFiscal-master\ZeusFiscal-master\NFe.Integracao\NFe.Integracao.csproj", "{DD441D1C-1F4A-4631-AA72-015C4FA735D2}"
EndProject
Project("{FAE04EC0-301F-11D3-BF4B-00C04F79EFBC}") = "NFe.Utils", "..\..\Downloads\ZeusFiscal-master\ZeusFiscal-master\NFe.Utils\NFe.Utils.csproj", "{B16E4C85-04A9-CD5B-DC15-2376A717FF0D}"
EndProject
Project("{FAE04EC0-301F-11D3-BF4B-00C04F79EFBC}") = "NFe.Wsdl", "..\..\Downloads\ZeusFiscal-master\ZeusFiscal-master\NFe.Wsdl\NFe.Wsdl.csproj", "{4E85B752-32AD-414B-F17D-C36D96289630}"
EndProject
Project("{FAE04EC0-301F-11D3-BF4B-00C04F79EFBC}") = "NFe.Servicos", "..\..\Downloads\ZeusFiscal-master\ZeusFiscal-master\NFe.Servicos\NFe.Servicos.csproj", "{319EEF7A-5E6C-8A34-752A-006E2383FF4C}"
EndProject
Project("{D954291E-2A0B-460D-934E-DC6B0785DB48}") = "Shared.NFe.Wsdl", "..\..\Downloads\ZeusFiscal-master\ZeusFiscal-master\Shared.NFe.Wsdl\Shared.NFe.Wsdl.shproj", "{148E0E11-3FE5-4BF7-A64F-B919A0A8D9BA}"
EndProject
Global
	GlobalSection(SolutionConfigurationPlatforms) = preSolution
		Debug|Any CPU = Debug|Any CPU
		Release|Any CPU = Release|Any CPU
	EndGlobalSection
	GlobalSection(ProjectConfigurationPlatforms) = postSolution
		{2AEBB70D-BAA9-485D-B7DE-6F5835D01EE7}.Debug|Any CPU.ActiveCfg = Debug|Any CPU
		{2AEBB70D-BAA9-485D-B7DE-6F5835D01EE7}.Debug|Any CPU.Build.0 = Debug|Any CPU
		{2AEBB70D-BAA9-485D-B7DE-6F5835D01EE7}.Release|Any CPU.ActiveCfg = Release|Any CPU
		{2AEBB70D-BAA9-485D-B7DE-6F5835D01EE7}.Release|Any CPU.Build.0 = Release|Any CPU
		{17456F36-E387-45F6-81D6-8FD996B3F141}.Debug|Any CPU.ActiveCfg = Debug|Any CPU
		{17456F36-E387-45F6-81D6-8FD996B3F141}.Debug|Any CPU.Build.0 = Debug|Any CPU
		{17456F36-E387-45F6-81D6-8FD996B3F141}.Release|Any CPU.ActiveCfg = Release|Any CPU
		{17456F36-E387-45F6-81D6-8FD996B3F141}.Release|Any CPU.Build.0 = Release|Any CPU
		{91EEFFFF-4C65-40E4-896C-AAA841C204EE}.Debug|Any CPU.ActiveCfg = Debug|Any CPU
		{91EEFFFF-4C65-40E4-896C-AAA841C204EE}.Debug|Any CPU.Build.0 = Debug|Any CPU
		{91EEFFFF-4C65-40E4-896C-AAA841C204EE}.Release|Any CPU.ActiveCfg = Release|Any CPU
		{91EEFFFF-4C65-40E4-896C-AAA841C204EE}.Release|Any CPU.Build.0 = Release|Any CPU
		{D06EBED4-35B6-4122-A048-88D2BB218BE4}.Debug|Any CPU.ActiveCfg = Debug|Any CPU
		{D06EBED4-35B6-4122-A048-88D2BB218BE4}.Debug|Any CPU.Build.0 = Debug|Any CPU
		{D06EBED4-35B6-4122-A048-88D2BB218BE4}.Release|Any CPU.ActiveCfg = Release|Any CPU
		{D06EBED4-35B6-4122-A048-88D2BB218BE4}.Release|Any CPU.Build.0 = Release|Any CPU
		{BB030128-9609-46D5-941C-1F53D95157E2}.Debug|Any CPU.ActiveCfg = Debug|Any CPU
		{BB030128-9609-46D5-941C-1F53D95157E2}.Debug|Any CPU.Build.0 = Debug|Any CPU
		{BB030128-9609-46D5-941C-1F53D95157E2}.Release|Any CPU.ActiveCfg = Release|Any CPU
		{BB030128-9609-46D5-941C-1F53D95157E2}.Release|Any CPU.Build.0 = Release|Any CPU
		{B78024E8-180E-7597-1A24-DDDED1BD2D37}.Debug|Any CPU.ActiveCfg = Debug|Any CPU
		{B78024E8-180E-7597-1A24-DDDED1BD2D37}.Debug|Any CPU.Build.0 = Debug|Any CPU
		{B78024E8-180E-7597-1A24-DDDED1BD2D37}.Release|Any CPU.ActiveCfg = Release|Any CPU
		{B78024E8-180E-7597-1A24-DDDED1BD2D37}.Release|Any CPU.Build.0 = Release|Any CPU
		{DEFCCB64-84E6-45B1-984C-9CAF0BA8CC23}.Debug|Any CPU.ActiveCfg = Debug|Any CPU
		{DEFCCB64-84E6-45B1-984C-9CAF0BA8CC23}.Debug|Any CPU.Build.0 = Debug|Any CPU
		{DEFCCB64-84E6-45B1-984C-9CAF0BA8CC23}.Release|Any CPU.ActiveCfg = Release|Any CPU
		{DEFCCB64-84E6-45B1-984C-9CAF0BA8CC23}.Release|Any CPU.Build.0 = Release|Any CPU
		{98EC7AFC-23C9-913F-FE4D-B898DC383F49}.Debug|Any CPU.ActiveCfg = Debug|Any CPU
		{98EC7AFC-23C9-913F-FE4D-B898DC383F49}.Debug|Any CPU.Build.0 = Debug|Any CPU
		{98EC7AFC-23C9-913F-FE4D-B898DC383F49}.Release|Any CPU.ActiveCfg = Release|Any CPU
		{98EC7AFC-23C9-913F-FE4D-B898DC383F49}.Release|Any CPU.Build.0 = Release|Any CPU
		{999C4326-B44C-DA8B-AB8B-0DF895EA92E4}.Debug|Any CPU.ActiveCfg = Debug|Any CPU
		{999C4326-B44C-DA8B-AB8B-0DF895EA92E4}.Debug|Any CPU.Build.0 = Debug|Any CPU
		{999C4326-B44C-DA8B-AB8B-0DF895EA92E4}.Release|Any CPU.ActiveCfg = Release|Any CPU
		{999C4326-B44C-DA8B-AB8B-0DF895EA92E4}.Release|Any CPU.Build.0 = Release|Any CPU
		{1CA54750-7FD2-A341-682D-1FD74D79C5A0}.Debug|Any CPU.ActiveCfg = Debug|Any CPU
		{1CA54750-7FD2-A341-682D-1FD74D79C5A0}.Debug|Any CPU.Build.0 = Debug|Any CPU
		{1CA54750-7FD2-A341-682D-1FD74D79C5A0}.Release|Any CPU.ActiveCfg = Release|Any CPU
		{1CA54750-7FD2-A341-682D-1FD74D79C5A0}.Release|Any CPU.Build.0 = Release|Any CPU
		{352B64BB-BCB6-DF60-8F5F-000BF6463F64}.Debug|Any CPU.ActiveCfg = Debug|Any CPU
		{352B64BB-BCB6-DF60-8F5F-000BF6463F64}.Debug|Any CPU.Build.0 = Debug|Any CPU
		{352B64BB-BCB6-DF60-8F5F-000BF6463F64}.Release|Any CPU.ActiveCfg = Release|Any CPU
		{352B64BB-BCB6-DF60-8F5F-000BF6463F64}.Release|Any CPU.Build.0 = Release|Any CPU
		{27E91D3A-2298-97E2-2A38-CD205D0C671E}.Debug|Any CPU.ActiveCfg = Debug|Any CPU
		{27E91D3A-2298-97E2-2A38-CD205D0C671E}.Debug|Any CPU.Build.0 = Debug|Any CPU
		{27E91D3A-2298-97E2-2A38-CD205D0C671E}.Release|Any CPU.ActiveCfg = Release|Any CPU
		{27E91D3A-2298-97E2-2A38-CD205D0C671E}.Release|Any CPU.Build.0 = Release|Any CPU
		{92573840-AA53-2CE8-CBD9-59343A3C5619}.Debug|Any CPU.ActiveCfg = Debug|Any CPU
		{92573840-AA53-2CE8-CBD9-59343A3C5619}.Debug|Any CPU.Build.0 = Debug|Any CPU
		{92573840-AA53-2CE8-CBD9-59343A3C5619}.Release|Any CPU.ActiveCfg = Release|Any CPU
		{92573840-AA53-2CE8-CBD9-59343A3C5619}.Release|Any CPU.Build.0 = Release|Any CPU
		{8EEFE395-DFF9-69FB-2447-CEB7F6C3C4B2}.Debug|Any CPU.ActiveCfg = Debug|Any CPU
		{8EEFE395-DFF9-69FB-2447-CEB7F6C3C4B2}.Debug|Any CPU.Build.0 = Debug|Any CPU
		{8EEFE395-DFF9-69FB-2447-CEB7F6C3C4B2}.Release|Any CPU.ActiveCfg = Release|Any CPU
		{8EEFE395-DFF9-69FB-2447-CEB7F6C3C4B2}.Release|Any CPU.Build.0 = Release|Any CPU
		{FF36F6E7-30CA-A3B7-A0BC-9D91EBE87BAF}.Debug|Any CPU.ActiveCfg = Debug|Any CPU
		{FF36F6E7-30CA-A3B7-A0BC-9D91EBE87BAF}.Debug|Any CPU.Build.0 = Debug|Any CPU
		{FF36F6E7-30CA-A3B7-A0BC-9D91EBE87BAF}.Release|Any CPU.ActiveCfg = Release|Any CPU
		{FF36F6E7-30CA-A3B7-A0BC-9D91EBE87BAF}.Release|Any CPU.Build.0 = Release|Any CPU
		{77DA19F9-0AF2-1721-DC3B-8A2823440320}.Debug|Any CPU.ActiveCfg = Debug|Any CPU
		{77DA19F9-0AF2-1721-DC3B-8A2823440320}.Debug|Any CPU.Build.0 = Debug|Any CPU
		{77DA19F9-0AF2-1721-DC3B-8A2823440320}.Release|Any CPU.ActiveCfg = Release|Any CPU
		{77DA19F9-0AF2-1721-DC3B-8A2823440320}.Release|Any CPU.Build.0 = Release|Any CPU
		{E30969FB-5A84-4CC1-26BE-EECF36A5E1EB}.Debug|Any CPU.ActiveCfg = Debug|Any CPU
		{E30969FB-5A84-4CC1-26BE-EECF36A5E1EB}.Debug|Any CPU.Build.0 = Debug|Any CPU
		{E30969FB-5A84-4CC1-26BE-EECF36A5E1EB}.Release|Any CPU.ActiveCfg = Release|Any CPU
		{E30969FB-5A84-4CC1-26BE-EECF36A5E1EB}.Release|Any CPU.Build.0 = Release|Any CPU
		{6D963524-03EA-9A2F-6BD1-87A417FB0103}.Debug|Any CPU.ActiveCfg = Debug|Any CPU
		{6D963524-03EA-9A2F-6BD1-87A417FB0103}.Debug|Any CPU.Build.0 = Debug|Any CPU
		{6D963524-03EA-9A2F-6BD1-87A417FB0103}.Release|Any CPU.ActiveCfg = Release|Any CPU
		{6D963524-03EA-9A2F-6BD1-87A417FB0103}.Release|Any CPU.Build.0 = Release|Any CPU
		{DD441D1C-1F4A-4631-AA72-015C4FA735D2}.Debug|Any CPU.ActiveCfg = Debug|Any CPU
		{DD441D1C-1F4A-4631-AA72-015C4FA735D2}.Debug|Any CPU.Build.0 = Debug|Any CPU
		{DD441D1C-1F4A-4631-AA72-015C4FA735D2}.Release|Any CPU.ActiveCfg = Release|Any CPU
		{DD441D1C-1F4A-4631-AA72-015C4FA735D2}.Release|Any CPU.Build.0 = Release|Any CPU
		{B16E4C85-04A9-CD5B-DC15-2376A717FF0D}.Debug|Any CPU.ActiveCfg = Debug|Any CPU
		{B16E4C85-04A9-CD5B-DC15-2376A717FF0D}.Debug|Any CPU.Build.0 = Debug|Any CPU
		{B16E4C85-04A9-CD5B-DC15-2376A717FF0D}.Release|Any CPU.ActiveCfg = Release|Any CPU
		{B16E4C85-04A9-CD5B-DC15-2376A717FF0D}.Release|Any CPU.Build.0 = Release|Any CPU
		{4E85B752-32AD-414B-F17D-C36D96289630}.Debug|Any CPU.ActiveCfg = Debug|Any CPU
		{4E85B752-32AD-414B-F17D-C36D96289630}.Debug|Any CPU.Build.0 = Debug|Any CPU
		{4E85B752-32AD-414B-F17D-C36D96289630}.Release|Any CPU.ActiveCfg = Release|Any CPU
		{4E85B752-32AD-414B-F17D-C36D96289630}.Release|Any CPU.Build.0 = Release|Any CPU
		{319EEF7A-5E6C-8A34-752A-006E2383FF4C}.Debug|Any CPU.ActiveCfg = Debug|Any CPU
		{319EEF7A-5E6C-8A34-752A-006E2383FF4C}.Debug|Any CPU.Build.0 = Debug|Any CPU
		{319EEF7A-5E6C-8A34-752A-006E2383FF4C}.Release|Any CPU.ActiveCfg = Release|Any CPU
		{319EEF7A-5E6C-8A34-752A-006E2383FF4C}.Release|Any CPU.Build.0 = Release|Any CPU
	EndGlobalSection
	GlobalSection(SolutionProperties) = preSolution
		HideSolutionNode = FALSE
	EndGlobalSection
	GlobalSection(NestedProjects) = preSolution
		{BB030128-9609-46D5-941C-1F53D95157E2} = {C59AAF77-4BB1-4437-BF0A-95DB50D71BC4}
		{B78024E8-180E-7597-1A24-DDDED1BD2D37} = {C59AAF77-4BB1-4437-BF0A-95DB50D71BC4}
		{C59AAF77-4BB1-4437-BF0A-95DB50D71BC4} = {02EA681E-C7D8-13C7-8484-4AC65E1B71E8}
		{934B08DF-49E7-4089-9A6A-3AA36259C806} = {02EA681E-C7D8-13C7-8484-4AC65E1B71E8}
		{E8F00132-B52A-438B-B940-B6D676C8EDB9} = {934B08DF-49E7-4089-9A6A-3AA36259C806}
		{DEFCCB64-84E6-45B1-984C-9CAF0BA8CC23} = {E8F00132-B52A-438B-B940-B6D676C8EDB9}
		{98EC7AFC-23C9-913F-FE4D-B898DC383F49} = {E8F00132-B52A-438B-B940-B6D676C8EDB9}
		{999C4326-B44C-DA8B-AB8B-0DF895EA92E4} = {E8F00132-B52A-438B-B940-B6D676C8EDB9}
		{1CA54750-7FD2-A341-682D-1FD74D79C5A0} = {934B08DF-49E7-4089-9A6A-3AA36259C806}
		{352B64BB-BCB6-DF60-8F5F-000BF6463F64} = {934B08DF-49E7-4089-9A6A-3AA36259C806}
		{27E91D3A-2298-97E2-2A38-CD205D0C671E} = {934B08DF-49E7-4089-9A6A-3AA36259C806}
		{92573840-AA53-2CE8-CBD9-59343A3C5619} = {934B08DF-49E7-4089-9A6A-3AA36259C806}
		{8EEFE395-DFF9-69FB-2447-CEB7F6C3C4B2} = {934B08DF-49E7-4089-9A6A-3AA36259C806}
		{FF36F6E7-30CA-A3B7-A0BC-9D91EBE87BAF} = {934B08DF-49E7-4089-9A6A-3AA36259C806}
		{77DA19F9-0AF2-1721-DC3B-8A2823440320} = {934B08DF-49E7-4089-9A6A-3AA36259C806}
		{E30969FB-5A84-4CC1-26BE-EECF36A5E1EB} = {934B08DF-49E7-4089-9A6A-3AA36259C806}
		{5794AB8A-FF29-4F55-ABC2-9AAFE333BD27} = {934B08DF-49E7-4089-9A6A-3AA36259C806}
		{6D963524-03EA-9A2F-6BD1-87A417FB0103} = {02EA681E-C7D8-13C7-8484-4AC65E1B71E8}
		{DD441D1C-1F4A-4631-AA72-015C4FA735D2} = {02EA681E-C7D8-13C7-8484-4AC65E1B71E8}
		{B16E4C85-04A9-CD5B-DC15-2376A717FF0D} = {02EA681E-C7D8-13C7-8484-4AC65E1B71E8}
		{4E85B752-32AD-414B-F17D-C36D96289630} = {02EA681E-C7D8-13C7-8484-4AC65E1B71E8}
		{319EEF7A-5E6C-8A34-752A-006E2383FF4C} = {02EA681E-C7D8-13C7-8484-4AC65E1B71E8}
		{148E0E11-3FE5-4BF7-A64F-B919A0A8D9BA} = {02EA681E-C7D8-13C7-8484-4AC65E1B71E8}
	EndGlobalSection
	GlobalSection(ExtensibilityGlobals) = postSolution
		SolutionGuid = {619A872F-00A4-42A2-9FFA-2BAE3C6ADBFD}
	EndGlobalSection
	GlobalSection(SharedMSBuildProjectFiles) = preSolution
		..\..\Downloads\ZeusFiscal-master\ZeusFiscal-master\Shared.NFe.Wsdl\Shared.NFe.Wsdl.projitems*{148e0e11-3fe5-4bf7-a64f-b919a0a8d9ba}*SharedItemsImports = 13
		..\..\Downloads\ZeusFiscal-master\ZeusFiscal-master\Shared.NFe.Danfe\Shared.NFe.Danfe.projitems*{27e91d3a-2298-97e2-2a38-cd205d0c671e}*SharedItemsImports = 5
		..\..\Downloads\ZeusFiscal-master\ZeusFiscal-master\Shared.NFe.Danfe\Shared.NFe.Danfe.projitems*{352b64bb-bcb6-df60-8f5f-000bf6463f64}*SharedItemsImports = 5
		..\..\Downloads\ZeusFiscal-master\ZeusFiscal-master\Shared.NFe.Wsdl\Shared.NFe.Wsdl.projitems*{4e85b752-32ad-414b-f17d-c36d96289630}*SharedItemsImports = 5
		..\..\Downloads\ZeusFiscal-master\ZeusFiscal-master\Shared.NFe.Danfe\Shared.NFe.Danfe.projitems*{5794ab8a-ff29-4f55-abc2-9aafe333bd27}*SharedItemsImports = 13
		..\..\Downloads\ZeusFiscal-master\ZeusFiscal-master\Shared.NFe.Danfe\Shared.NFe.Danfe.projitems*{77da19f9-0af2-1721-dc3b-8a2823440320}*SharedItemsImports = 5
	EndGlobalSection
EndGlobal
