
Microsoft Visual Studio Solution File, Format Version 12.00
# Visual Studio Version 17
VisualStudioVersion = 17.14.36327.8
MinimumVisualStudioVersion = 10.0.40219.1
Project("{FAE04EC0-301F-11D3-BF4B-00C04F79EFBC}") = "WebApiCommercial", "WebApiCommercial\WebApiCommercial.csproj", "{2AEBB70D-BAA9-485D-B7DE-6F5835D01EE7}"
EndProject
Project("{FAE04EC0-301F-11D3-BF4B-00C04F79EFBC}") = "Model", "Model\Model.csproj", "{17456F36-E387-45F6-81D6-8FD996B3F141}"
EndProject
Project("{FAE04EC0-301F-11D3-BF4B-00C04F79EFBC}") = "Service", "Service\Service.csproj", "{91EEFFFF-4C65-40E4-896C-AAA841C204EE}"
EndProject
Project("{FAE04EC0-301F-11D3-BF4B-00C04F79EFBC}") = "Repository", "Repository\Repository.csproj", "{D06EBED4-35B6-4122-A048-88D2BB218BE4}"
EndProject
Project("{2150E333-8FDC-42A3-9474-1A3956D46DE8}") = "Itens de Solução", "Itens de Solução", "{380A7511-A354-6D7A-0CC0-8FA1F1BA7B6C}"
	ProjectSection(SolutionItems) = preProject
		FluxoNovaPermissao.txt = FluxoNovaPermissao.txt
		MigrationEF.txt = MigrationEF.txt
	EndProjectSection
EndProject
Project("{2150E333-8FDC-42A3-9474-1A3956D46DE8}") = "NFe", "NFe", "{02EA681E-C7D8-13C7-8484-4AC65E1B71E8}"
EndProject
Project("{2150E333-8FDC-42A3-9474-1A3956D46DE8}") = "AppTeste", "AppTeste", "{C59AAF77-4BB1-4437-BF0A-95DB50D71BC4}"
EndProject
Project("{2150E333-8FDC-42A3-9474-1A3956D46DE8}") = "Danfe", "Danfe", "{934B08DF-49E7-4089-9A6A-3AA36259C806}"
EndProject
Project("{2150E333-8FDC-42A3-9474-1A3956D46DE8}") = "AppTest", "AppTest", "{E8F00132-B52A-438B-B940-B6D676C8EDB9}"
EndProject
Project("{FAE04EC0-301F-11D3-BF4B-00C04F79EFBC}") = "NFe.AppTeste.NetCore", "NFe\NFe.AppTeste.NetCore\NFe.AppTeste.NetCore.csproj", "{9FCE163D-279F-BA21-4204-6FEE6D6D38FC}"
EndProject
Project("{FAE04EC0-301F-11D3-BF4B-00C04F79EFBC}") = "NFe.Danfe.App.Teste.Html", "NFe\NFe.Danfe.App.Teste.Html\NFe.Danfe.App.Teste.Html.csproj", "{CE56E8E7-278D-3034-1559-F32D593C2CA6}"
EndProject
Project("{FAE04EC0-301F-11D3-BF4B-00C04F79EFBC}") = "NFe.Danfe.AppTeste.Fast", "NFe\NFe.Danfe.AppTeste.Fast\NFe.Danfe.AppTeste.Fast.csproj", "{DEFCCB64-84E6-45B1-984C-9CAF0BA8CC23}"
EndProject
Project("{FAE04EC0-301F-11D3-BF4B-00C04F79EFBC}") = "NFe.Danfe.AppTeste.OpenFast", "NFe\NFe.Danfe.AppTeste.OpenFast\NFe.Danfe.AppTeste.OpenFast.csproj", "{27391DBD-9A7C-5DA9-F7B2-BD013C75ADCE}"
EndProject
Project("{FAE04EC0-301F-11D3-BF4B-00C04F79EFBC}") = "NFe.Danfe.Base", "NFe\NFe.Danfe.Base\NFe.Danfe.Base.csproj", "{19A5A3A1-8FF1-E9D4-9C92-514728C1DB3C}"
EndProject
Project("{FAE04EC0-301F-11D3-BF4B-00C04F79EFBC}") = "NFe.Danfe.Fast.Skia", "NFe\NFe.Danfe.Fast.Skia\NFe.Danfe.Fast.Skia.csproj", "{2E7B65AE-B10A-5E64-AEE1-FB383C5ADD64}"
EndProject
Project("{FAE04EC0-301F-11D3-BF4B-00C04F79EFBC}") = "NFe.Danfe.Fast", "NFe\NFe.Danfe.Fast\NFe.Danfe.Fast.csproj", "{3FCF79A5-84E7-E177-D1B2-663B6BCD5BCF}"
EndProject
Project("{FAE04EC0-301F-11D3-BF4B-00C04F79EFBC}") = "NFe.Danfe.Html", "NFe\NFe.Danfe.Html\NFe.Danfe.Html.csproj", "{9CE92DDA-2D89-2201-ECED-39F1454FCA20}"
EndProject
Project("{FAE04EC0-301F-11D3-BF4B-00C04F79EFBC}") = "NFe.Danfe.Nativo", "NFe\NFe.Danfe.Nativo\NFe.Danfe.Nativo.csproj", "{D8EB708E-F293-EDAE-4EA7-DE036084283C}"
EndProject
Project("{FAE04EC0-301F-11D3-BF4B-00C04F79EFBC}") = "NFe.Danfe.OpenFast", "NFe\NFe.Danfe.OpenFast\NFe.Danfe.OpenFast.csproj", "{90BA550E-35B1-CF97-5BE0-059C5476F0CF}"
EndProject
Project("{FAE04EC0-301F-11D3-BF4B-00C04F79EFBC}") = "NFe.Danfe.PdfClown", "NFe\NFe.Danfe.PdfClown\NFe.Danfe.PdfClown.csproj", "{A5402A50-ABB1-C118-C9BD-EF5126BBE2BA}"
EndProject
Project("{FAE04EC0-301F-11D3-BF4B-00C04F79EFBC}") = "NFe.Danfe.QuestPdf", "NFe\NFe.Danfe.QuestPdf\NFe.Danfe.QuestPdf.csproj", "{C23DB4E8-68F1-C6B5-A3B5-FF3DC62B86BB}"
EndProject
Project("{D954291E-2A0B-460D-934E-DC6B0785DB48}") = "Shared.NFe.Danfe", "NFe\Shared.NFe.Danfe\Shared.NFe.Danfe.shproj", "{5794AB8A-FF29-4F55-ABC2-9AAFE333BD27}"
EndProject
Project("{FAE04EC0-301F-11D3-BF4B-00C04F79EFBC}") = "NFe.Classes", "NFe\NFe.Classes\NFe.Classes.csproj", "{0AC00641-A458-62F9-E8B5-3CCA032E64D5}"
EndProject
Project("{FAE04EC0-301F-11D3-BF4B-00C04F79EFBC}") = "NFe.Integracao", "NFe\NFe.Integracao\NFe.Integracao.csproj", "{DD441D1C-1F4A-4631-AA72-015C4FA735D2}"
EndProject
Project("{FAE04EC0-301F-11D3-BF4B-00C04F79EFBC}") = "NFe.Servicos", "NFe\NFe.Servicos\NFe.Servicos.csproj", "{E24D5B54-CFB3-3474-A100-88B2EF183237}"
EndProject
Project("{FAE04EC0-301F-11D3-BF4B-00C04F79EFBC}") = "NFe.Utils", "NFe\NFe.Utils\NFe.Utils.csproj", "{4384B963-BAA3-2BE1-B846-8A3B32E94ADB}"
EndProject
Project("{FAE04EC0-301F-11D3-BF4B-00C04F79EFBC}") = "NFe.Wsdl", "NFe\NFe.Wsdl\NFe.Wsdl.csproj", "{17EE5CFC-F6EE-3993-C13B-2F9804334AC0}"
EndProject
Project("{D954291E-2A0B-460D-934E-DC6B0785DB48}") = "Shared.NFe.Wsdl", "NFe\Shared.NFe.Wsdl\Shared.NFe.Wsdl.shproj", "{148E0E11-3FE5-4BF7-A64F-B919A0A8D9BA}"
EndProject
Project("{FAE04EC0-301F-11D3-BF4B-00C04F79EFBC}") = "NFe.Wsdl.Standard", "NFe\NFe.Wsdl.Standard\NFe.Wsdl.Standard.csproj", "{A2433E05-7F93-08E8-6BF3-6B574A470068}"
EndProject
Project("{FAE04EC0-301F-11D3-BF4B-00C04F79EFBC}") = "DFe.Utils", "NFe\DFe.Utils\DFe.Utils.csproj", "{49CD63D9-AA58-FB07-04E5-73CF20704745}"
EndProject
Project("{FAE04EC0-301F-11D3-BF4B-00C04F79EFBC}") = "DFe.Classes", "NFe\DFe.Classes\DFe.Classes.csproj", "{3B9CEC21-AE10-8DB8-669F-08853DB78756}"
EndProject
Project("{FAE04EC0-301F-11D3-BF4B-00C04F79EFBC}") = "DFe.Wsdl", "NFe\DFe.Wsdl\DFe.Wsdl.csproj", "{AD46CFB3-F9D0-89F6-27E5-7532A27B6448}"
EndProject
Global
	GlobalSection(SolutionConfigurationPlatforms) = preSolution
		Debug|Any CPU = Debug|Any CPU
		Release|Any CPU = Release|Any CPU
	EndGlobalSection
	GlobalSection(ProjectConfigurationPlatforms) = postSolution
		{2AEBB70D-BAA9-485D-B7DE-6F5835D01EE7}.Debug|Any CPU.ActiveCfg = Debug|Any CPU
		{2AEBB70D-BAA9-485D-B7DE-6F5835D01EE7}.Debug|Any CPU.Build.0 = Debug|Any CPU
		{2AEBB70D-BAA9-485D-B7DE-6F5835D01EE7}.Release|Any CPU.ActiveCfg = Release|Any CPU
		{2AEBB70D-BAA9-485D-B7DE-6F5835D01EE7}.Release|Any CPU.Build.0 = Release|Any CPU
		{17456F36-E387-45F6-81D6-8FD996B3F141}.Debug|Any CPU.ActiveCfg = Debug|Any CPU
		{17456F36-E387-45F6-81D6-8FD996B3F141}.Debug|Any CPU.Build.0 = Debug|Any CPU
		{17456F36-E387-45F6-81D6-8FD996B3F141}.Release|Any CPU.ActiveCfg = Release|Any CPU
		{17456F36-E387-45F6-81D6-8FD996B3F141}.Release|Any CPU.Build.0 = Release|Any CPU
		{91EEFFFF-4C65-40E4-896C-AAA841C204EE}.Debug|Any CPU.ActiveCfg = Debug|Any CPU
		{91EEFFFF-4C65-40E4-896C-AAA841C204EE}.Debug|Any CPU.Build.0 = Debug|Any CPU
		{91EEFFFF-4C65-40E4-896C-AAA841C204EE}.Release|Any CPU.ActiveCfg = Release|Any CPU
		{91EEFFFF-4C65-40E4-896C-AAA841C204EE}.Release|Any CPU.Build.0 = Release|Any CPU
		{D06EBED4-35B6-4122-A048-88D2BB218BE4}.Debug|Any CPU.ActiveCfg = Debug|Any CPU
		{D06EBED4-35B6-4122-A048-88D2BB218BE4}.Debug|Any CPU.Build.0 = Debug|Any CPU
		{D06EBED4-35B6-4122-A048-88D2BB218BE4}.Release|Any CPU.ActiveCfg = Release|Any CPU
		{D06EBED4-35B6-4122-A048-88D2BB218BE4}.Release|Any CPU.Build.0 = Release|Any CPU
		{9FCE163D-279F-BA21-4204-6FEE6D6D38FC}.Debug|Any CPU.ActiveCfg = Debug|Any CPU
		{9FCE163D-279F-BA21-4204-6FEE6D6D38FC}.Debug|Any CPU.Build.0 = Debug|Any CPU
		{9FCE163D-279F-BA21-4204-6FEE6D6D38FC}.Release|Any CPU.ActiveCfg = Release|Any CPU
		{9FCE163D-279F-BA21-4204-6FEE6D6D38FC}.Release|Any CPU.Build.0 = Release|Any CPU
		{CE56E8E7-278D-3034-1559-F32D593C2CA6}.Debug|Any CPU.ActiveCfg = Debug|Any CPU
		{CE56E8E7-278D-3034-1559-F32D593C2CA6}.Debug|Any CPU.Build.0 = Debug|Any CPU
		{CE56E8E7-278D-3034-1559-F32D593C2CA6}.Release|Any CPU.ActiveCfg = Release|Any CPU
		{CE56E8E7-278D-3034-1559-F32D593C2CA6}.Release|Any CPU.Build.0 = Release|Any CPU
		{DEFCCB64-84E6-45B1-984C-9CAF0BA8CC23}.Debug|Any CPU.ActiveCfg = Debug|Any CPU
		{DEFCCB64-84E6-45B1-984C-9CAF0BA8CC23}.Debug|Any CPU.Build.0 = Debug|Any CPU
		{DEFCCB64-84E6-45B1-984C-9CAF0BA8CC23}.Release|Any CPU.ActiveCfg = Release|Any CPU
		{DEFCCB64-84E6-45B1-984C-9CAF0BA8CC23}.Release|Any CPU.Build.0 = Release|Any CPU
		{27391DBD-9A7C-5DA9-F7B2-BD013C75ADCE}.Debug|Any CPU.ActiveCfg = Debug|Any CPU
		{27391DBD-9A7C-5DA9-F7B2-BD013C75ADCE}.Debug|Any CPU.Build.0 = Debug|Any CPU
		{27391DBD-9A7C-5DA9-F7B2-BD013C75ADCE}.Release|Any CPU.ActiveCfg = Release|Any CPU
		{27391DBD-9A7C-5DA9-F7B2-BD013C75ADCE}.Release|Any CPU.Build.0 = Release|Any CPU
		{19A5A3A1-8FF1-E9D4-9C92-514728C1DB3C}.Debug|Any CPU.ActiveCfg = Debug|Any CPU
		{19A5A3A1-8FF1-E9D4-9C92-514728C1DB3C}.Debug|Any CPU.Build.0 = Debug|Any CPU
		{19A5A3A1-8FF1-E9D4-9C92-514728C1DB3C}.Release|Any CPU.ActiveCfg = Release|Any CPU
		{19A5A3A1-8FF1-E9D4-9C92-514728C1DB3C}.Release|Any CPU.Build.0 = Release|Any CPU
		{2E7B65AE-B10A-5E64-AEE1-FB383C5ADD64}.Debug|Any CPU.ActiveCfg = Debug|Any CPU
		{2E7B65AE-B10A-5E64-AEE1-FB383C5ADD64}.Debug|Any CPU.Build.0 = Debug|Any CPU
		{2E7B65AE-B10A-5E64-AEE1-FB383C5ADD64}.Release|Any CPU.ActiveCfg = Release|Any CPU
		{2E7B65AE-B10A-5E64-AEE1-FB383C5ADD64}.Release|Any CPU.Build.0 = Release|Any CPU
		{3FCF79A5-84E7-E177-D1B2-663B6BCD5BCF}.Debug|Any CPU.ActiveCfg = Debug|Any CPU
		{3FCF79A5-84E7-E177-D1B2-663B6BCD5BCF}.Debug|Any CPU.Build.0 = Debug|Any CPU
		{3FCF79A5-84E7-E177-D1B2-663B6BCD5BCF}.Release|Any CPU.ActiveCfg = Release|Any CPU
		{3FCF79A5-84E7-E177-D1B2-663B6BCD5BCF}.Release|Any CPU.Build.0 = Release|Any CPU
		{9CE92DDA-2D89-2201-ECED-39F1454FCA20}.Debug|Any CPU.ActiveCfg = Debug|Any CPU
		{9CE92DDA-2D89-2201-ECED-39F1454FCA20}.Debug|Any CPU.Build.0 = Debug|Any CPU
		{9CE92DDA-2D89-2201-ECED-39F1454FCA20}.Release|Any CPU.ActiveCfg = Release|Any CPU
		{9CE92DDA-2D89-2201-ECED-39F1454FCA20}.Release|Any CPU.Build.0 = Release|Any CPU
		{D8EB708E-F293-EDAE-4EA7-DE036084283C}.Debug|Any CPU.ActiveCfg = Debug|Any CPU
		{D8EB708E-F293-EDAE-4EA7-DE036084283C}.Debug|Any CPU.Build.0 = Debug|Any CPU
		{D8EB708E-F293-EDAE-4EA7-DE036084283C}.Release|Any CPU.ActiveCfg = Release|Any CPU
		{D8EB708E-F293-EDAE-4EA7-DE036084283C}.Release|Any CPU.Build.0 = Release|Any CPU
		{90BA550E-35B1-CF97-5BE0-059C5476F0CF}.Debug|Any CPU.ActiveCfg = Debug|Any CPU
		{90BA550E-35B1-CF97-5BE0-059C5476F0CF}.Debug|Any CPU.Build.0 = Debug|Any CPU
		{90BA550E-35B1-CF97-5BE0-059C5476F0CF}.Release|Any CPU.ActiveCfg = Release|Any CPU
		{90BA550E-35B1-CF97-5BE0-059C5476F0CF}.Release|Any CPU.Build.0 = Release|Any CPU
		{A5402A50-ABB1-C118-C9BD-EF5126BBE2BA}.Debug|Any CPU.ActiveCfg = Debug|Any CPU
		{A5402A50-ABB1-C118-C9BD-EF5126BBE2BA}.Debug|Any CPU.Build.0 = Debug|Any CPU
		{A5402A50-ABB1-C118-C9BD-EF5126BBE2BA}.Release|Any CPU.ActiveCfg = Release|Any CPU
		{A5402A50-ABB1-C118-C9BD-EF5126BBE2BA}.Release|Any CPU.Build.0 = Release|Any CPU
		{C23DB4E8-68F1-C6B5-A3B5-FF3DC62B86BB}.Debug|Any CPU.ActiveCfg = Debug|Any CPU
		{C23DB4E8-68F1-C6B5-A3B5-FF3DC62B86BB}.Debug|Any CPU.Build.0 = Debug|Any CPU
		{C23DB4E8-68F1-C6B5-A3B5-FF3DC62B86BB}.Release|Any CPU.ActiveCfg = Release|Any CPU
		{C23DB4E8-68F1-C6B5-A3B5-FF3DC62B86BB}.Release|Any CPU.Build.0 = Release|Any CPU
		{0AC00641-A458-62F9-E8B5-3CCA032E64D5}.Debug|Any CPU.ActiveCfg = Debug|Any CPU
		{0AC00641-A458-62F9-E8B5-3CCA032E64D5}.Debug|Any CPU.Build.0 = Debug|Any CPU
		{0AC00641-A458-62F9-E8B5-3CCA032E64D5}.Release|Any CPU.ActiveCfg = Release|Any CPU
		{0AC00641-A458-62F9-E8B5-3CCA032E64D5}.Release|Any CPU.Build.0 = Release|Any CPU
		{DD441D1C-1F4A-4631-AA72-015C4FA735D2}.Debug|Any CPU.ActiveCfg = Debug|Any CPU
		{DD441D1C-1F4A-4631-AA72-015C4FA735D2}.Debug|Any CPU.Build.0 = Debug|Any CPU
		{DD441D1C-1F4A-4631-AA72-015C4FA735D2}.Release|Any CPU.ActiveCfg = Release|Any CPU
		{DD441D1C-1F4A-4631-AA72-015C4FA735D2}.Release|Any CPU.Build.0 = Release|Any CPU
		{E24D5B54-CFB3-3474-A100-88B2EF183237}.Debug|Any CPU.ActiveCfg = Debug|Any CPU
		{E24D5B54-CFB3-3474-A100-88B2EF183237}.Debug|Any CPU.Build.0 = Debug|Any CPU
		{E24D5B54-CFB3-3474-A100-88B2EF183237}.Release|Any CPU.ActiveCfg = Release|Any CPU
		{E24D5B54-CFB3-3474-A100-88B2EF183237}.Release|Any CPU.Build.0 = Release|Any CPU
		{4384B963-BAA3-2BE1-B846-8A3B32E94ADB}.Debug|Any CPU.ActiveCfg = Debug|Any CPU
		{4384B963-BAA3-2BE1-B846-8A3B32E94ADB}.Debug|Any CPU.Build.0 = Debug|Any CPU
		{4384B963-BAA3-2BE1-B846-8A3B32E94ADB}.Release|Any CPU.ActiveCfg = Release|Any CPU
		{4384B963-BAA3-2BE1-B846-8A3B32E94ADB}.Release|Any CPU.Build.0 = Release|Any CPU
		{17EE5CFC-F6EE-3993-C13B-2F9804334AC0}.Debug|Any CPU.ActiveCfg = Debug|Any CPU
		{17EE5CFC-F6EE-3993-C13B-2F9804334AC0}.Debug|Any CPU.Build.0 = Debug|Any CPU
		{17EE5CFC-F6EE-3993-C13B-2F9804334AC0}.Release|Any CPU.ActiveCfg = Release|Any CPU
		{17EE5CFC-F6EE-3993-C13B-2F9804334AC0}.Release|Any CPU.Build.0 = Release|Any CPU
		{A2433E05-7F93-08E8-6BF3-6B574A470068}.Debug|Any CPU.ActiveCfg = Debug|Any CPU
		{A2433E05-7F93-08E8-6BF3-6B574A470068}.Debug|Any CPU.Build.0 = Debug|Any CPU
		{A2433E05-7F93-08E8-6BF3-6B574A470068}.Release|Any CPU.ActiveCfg = Release|Any CPU
		{A2433E05-7F93-08E8-6BF3-6B574A470068}.Release|Any CPU.Build.0 = Release|Any CPU
		{49CD63D9-AA58-FB07-04E5-73CF20704745}.Debug|Any CPU.ActiveCfg = Debug|Any CPU
		{49CD63D9-AA58-FB07-04E5-73CF20704745}.Debug|Any CPU.Build.0 = Debug|Any CPU
		{49CD63D9-AA58-FB07-04E5-73CF20704745}.Release|Any CPU.ActiveCfg = Release|Any CPU
		{49CD63D9-AA58-FB07-04E5-73CF20704745}.Release|Any CPU.Build.0 = Release|Any CPU
		{3B9CEC21-AE10-8DB8-669F-08853DB78756}.Debug|Any CPU.ActiveCfg = Debug|Any CPU
		{3B9CEC21-AE10-8DB8-669F-08853DB78756}.Debug|Any CPU.Build.0 = Debug|Any CPU
		{3B9CEC21-AE10-8DB8-669F-08853DB78756}.Release|Any CPU.ActiveCfg = Release|Any CPU
		{3B9CEC21-AE10-8DB8-669F-08853DB78756}.Release|Any CPU.Build.0 = Release|Any CPU
		{AD46CFB3-F9D0-89F6-27E5-7532A27B6448}.Debug|Any CPU.ActiveCfg = Debug|Any CPU
		{AD46CFB3-F9D0-89F6-27E5-7532A27B6448}.Debug|Any CPU.Build.0 = Debug|Any CPU
		{AD46CFB3-F9D0-89F6-27E5-7532A27B6448}.Release|Any CPU.ActiveCfg = Release|Any CPU
		{AD46CFB3-F9D0-89F6-27E5-7532A27B6448}.Release|Any CPU.Build.0 = Release|Any CPU
	EndGlobalSection
	GlobalSection(SolutionProperties) = preSolution
		HideSolutionNode = FALSE
	EndGlobalSection
	GlobalSection(NestedProjects) = preSolution
		{C59AAF77-4BB1-4437-BF0A-95DB50D71BC4} = {02EA681E-C7D8-13C7-8484-4AC65E1B71E8}
		{934B08DF-49E7-4089-9A6A-3AA36259C806} = {02EA681E-C7D8-13C7-8484-4AC65E1B71E8}
		{E8F00132-B52A-438B-B940-B6D676C8EDB9} = {934B08DF-49E7-4089-9A6A-3AA36259C806}
		{9FCE163D-279F-BA21-4204-6FEE6D6D38FC} = {C59AAF77-4BB1-4437-BF0A-95DB50D71BC4}
		{CE56E8E7-278D-3034-1559-F32D593C2CA6} = {E8F00132-B52A-438B-B940-B6D676C8EDB9}
		{DEFCCB64-84E6-45B1-984C-9CAF0BA8CC23} = {E8F00132-B52A-438B-B940-B6D676C8EDB9}
		{27391DBD-9A7C-5DA9-F7B2-BD013C75ADCE} = {E8F00132-B52A-438B-B940-B6D676C8EDB9}
		{19A5A3A1-8FF1-E9D4-9C92-514728C1DB3C} = {934B08DF-49E7-4089-9A6A-3AA36259C806}
		{2E7B65AE-B10A-5E64-AEE1-FB383C5ADD64} = {934B08DF-49E7-4089-9A6A-3AA36259C806}
		{3FCF79A5-84E7-E177-D1B2-663B6BCD5BCF} = {934B08DF-49E7-4089-9A6A-3AA36259C806}
		{9CE92DDA-2D89-2201-ECED-39F1454FCA20} = {934B08DF-49E7-4089-9A6A-3AA36259C806}
		{D8EB708E-F293-EDAE-4EA7-DE036084283C} = {934B08DF-49E7-4089-9A6A-3AA36259C806}
		{90BA550E-35B1-CF97-5BE0-059C5476F0CF} = {934B08DF-49E7-4089-9A6A-3AA36259C806}
		{A5402A50-ABB1-C118-C9BD-EF5126BBE2BA} = {934B08DF-49E7-4089-9A6A-3AA36259C806}
		{C23DB4E8-68F1-C6B5-A3B5-FF3DC62B86BB} = {934B08DF-49E7-4089-9A6A-3AA36259C806}
		{5794AB8A-FF29-4F55-ABC2-9AAFE333BD27} = {934B08DF-49E7-4089-9A6A-3AA36259C806}
		{0AC00641-A458-62F9-E8B5-3CCA032E64D5} = {02EA681E-C7D8-13C7-8484-4AC65E1B71E8}
		{DD441D1C-1F4A-4631-AA72-015C4FA735D2} = {02EA681E-C7D8-13C7-8484-4AC65E1B71E8}
		{E24D5B54-CFB3-3474-A100-88B2EF183237} = {02EA681E-C7D8-13C7-8484-4AC65E1B71E8}
		{4384B963-BAA3-2BE1-B846-8A3B32E94ADB} = {02EA681E-C7D8-13C7-8484-4AC65E1B71E8}
		{17EE5CFC-F6EE-3993-C13B-2F9804334AC0} = {02EA681E-C7D8-13C7-8484-4AC65E1B71E8}
		{148E0E11-3FE5-4BF7-A64F-B919A0A8D9BA} = {02EA681E-C7D8-13C7-8484-4AC65E1B71E8}
		{A2433E05-7F93-08E8-6BF3-6B574A470068} = {02EA681E-C7D8-13C7-8484-4AC65E1B71E8}
		{49CD63D9-AA58-FB07-04E5-73CF20704745} = {02EA681E-C7D8-13C7-8484-4AC65E1B71E8}
		{3B9CEC21-AE10-8DB8-669F-08853DB78756} = {02EA681E-C7D8-13C7-8484-4AC65E1B71E8}
		{AD46CFB3-F9D0-89F6-27E5-7532A27B6448} = {02EA681E-C7D8-13C7-8484-4AC65E1B71E8}
	EndGlobalSection
	GlobalSection(ExtensibilityGlobals) = postSolution
		SolutionGuid = {619A872F-00A4-42A2-9FFA-2BAE3C6ADBFD}
	EndGlobalSection
	GlobalSection(SharedMSBuildProjectFiles) = preSolution
		NFe\Shared.NFe.Wsdl\Shared.NFe.Wsdl.projitems*{148e0e11-3fe5-4bf7-a64f-b919a0a8d9ba}*SharedItemsImports = 13
		NFe\Shared.NFe.Wsdl\Shared.NFe.Wsdl.projitems*{17ee5cfc-f6ee-3993-c13b-2f9804334ac0}*SharedItemsImports = 5
		NFe\Shared.NFe.Danfe\Shared.NFe.Danfe.projitems*{2e7b65ae-b10a-5e64-aee1-fb383c5add64}*SharedItemsImports = 5
		NFe\Shared.NFe.Danfe\Shared.NFe.Danfe.projitems*{3fcf79a5-84e7-e177-d1b2-663b6bcd5bcf}*SharedItemsImports = 5
		NFe\Shared.NFe.Danfe\Shared.NFe.Danfe.projitems*{5794ab8a-ff29-4f55-abc2-9aafe333bd27}*SharedItemsImports = 13
		NFe\Shared.NFe.Danfe\Shared.NFe.Danfe.projitems*{90ba550e-35b1-cf97-5be0-059c5476f0cf}*SharedItemsImports = 5
		NFe\Shared.NFe.Wsdl\Shared.NFe.Wsdl.projitems*{a2433e05-7f93-08e8-6bf3-6b574a470068}*SharedItemsImports = 5
	EndGlobalSection
EndGlobal
